
Microsoft Visual Studio Solution File, Format Version 12.00
# Visual Studio Version 17
VisualStudioVersion = 17.7.34031.279
MinimumVisualStudioVersion = 10.0.40219.1
Project("{FAE04EC0-301F-11D3-BF4B-00C04F79EFBC}") = "MVC", "MVC\MVC.csproj", "{DFB46720-BB5A-48D6-842E-A41213D79CBF}"
EndProject
Project("{9A19103F-16F7-4668-BE54-9A1E7A4F7556}") = "LINQ", "..\..\..\Downloads\Fares\BasicConnection-main(2) - Copy\BasicConnection-main\LINQ.csproj", "{EEAB27BC-2139-4693-9D60-D9E3A728CF2B}"
EndProject
Global
	GlobalSection(SolutionConfigurationPlatforms) = preSolution
		Debug|Any CPU = Debug|Any CPU
		Release|Any CPU = Release|Any CPU
	EndGlobalSection
	GlobalSection(ProjectConfigurationPlatforms) = postSolution
		{DFB46720-BB5A-48D6-842E-A41213D79CBF}.Debug|Any CPU.ActiveCfg = Debug|Any CPU
		{DFB46720-BB5A-48D6-842E-A41213D79CBF}.Debug|Any CPU.Build.0 = Debug|Any CPU
		{DFB46720-BB5A-48D6-842E-A41213D79CBF}.Release|Any CPU.ActiveCfg = Release|Any CPU
		{DFB46720-BB5A-48D6-842E-A41213D79CBF}.Release|Any CPU.Build.0 = Release|Any CPU
		{EEAB27BC-2139-4693-9D60-D9E3A728CF2B}.Debug|Any CPU.ActiveCfg = Debug|Any CPU
		{EEAB27BC-2139-4693-9D60-D9E3A728CF2B}.Debug|Any CPU.Build.0 = Debug|Any CPU
		{EEAB27BC-2139-4693-9D60-D9E3A728CF2B}.Release|Any CPU.ActiveCfg = Release|Any CPU
		{EEAB27BC-2139-4693-9D60-D9E3A728CF2B}.Release|Any CPU.Build.0 = Release|Any CPU
	EndGlobalSection
	GlobalSection(SolutionProperties) = preSolution
		HideSolutionNode = FALSE
	EndGlobalSection
	GlobalSection(ExtensibilityGlobals) = postSolution
		SolutionGuid = {A1F5427D-1DF8-4FF3-A102-090E4F050D4D}
	EndGlobalSection
EndGlobal
